// !$*UTF8*$!
{
	archiveVersion = 1;
	classes = {
	};
	objectVersion = 46;
	objects = {

/* Begin PBXBuildFile section */
		9461BAA114B97FE200F5E0EC /* corpusManager.cpp in Sources */ = {isa = PBXBuildFile; fileRef = 9461BA0514B97FE200F5E0EC /* corpusManager.cpp */; };
		9461BAA214B97FE200F5E0EC /* main.cpp in Sources */ = {isa = PBXBuildFile; fileRef = 9461BA2C14B97FE200F5E0EC /* main.cpp */; };
		9461BAA414B97FE200F5E0EC /* stand.cpp in Sources */ = {isa = PBXBuildFile; fileRef = 9461BA5314B97FE200F5E0EC /* stand.cpp */; };
		9461BAA814B97FE200F5E0EC /* UtauDB.cpp in Sources */ = {isa = PBXBuildFile; fileRef = 9461BA7014B97FE200F5E0EC /* UtauDB.cpp */; };
		9461BAA914B97FE200F5E0EC /* utauFreq.cpp in Sources */ = {isa = PBXBuildFile; fileRef = 9461BA7214B97FE200F5E0EC /* utauFreq.cpp */; };
		9461BAAA14B97FE200F5E0EC /* vConnect.cpp in Sources */ = {isa = PBXBuildFile; fileRef = 9461BA7514B97FE200F5E0EC /* vConnect.cpp */; };
		9461BAAB14B97FE200F5E0EC /* vConnectPhoneme.cpp in Sources */ = {isa = PBXBuildFile; fileRef = 9461BA7814B97FE200F5E0EC /* vConnectPhoneme.cpp */; };
		9461BAAC14B97FE200F5E0EC /* vConnectSetting.cpp in Sources */ = {isa = PBXBuildFile; fileRef = 9461BA7A14B97FE200F5E0EC /* vConnectSetting.cpp */; };
		9461BAAD14B97FE200F5E0EC /* vConnectTranscriber.cpp in Sources */ = {isa = PBXBuildFile; fileRef = 9461BA7C14B97FE200F5E0EC /* vConnectTranscriber.cpp */; };
		9461BAAE14B97FE200F5E0EC /* vConnectUtility.cpp in Sources */ = {isa = PBXBuildFile; fileRef = 9461BA7E14B97FE200F5E0EC /* vConnectUtility.cpp */; };
		9461BAAF14B97FE200F5E0EC /* vsqBase.cpp in Sources */ = {isa = PBXBuildFile; fileRef = 9461BA8114B97FE200F5E0EC /* vsqBase.cpp */; };
		9461BAB014B97FE200F5E0EC /* vsqBPList.cpp in Sources */ = {isa = PBXBuildFile; fileRef = 9461BA8414B97FE200F5E0EC /* vsqBPList.cpp */; };
		9461BAB114B97FE200F5E0EC /* vsqEventEx.cpp in Sources */ = {isa = PBXBuildFile; fileRef = 9461BA8614B97FE200F5E0EC /* vsqEventEx.cpp */; };
		9461BAB214B97FE200F5E0EC /* vsqEventList.cpp in Sources */ = {isa = PBXBuildFile; fileRef = 9461BA8814B97FE200F5E0EC /* vsqEventList.cpp */; };
		9461BAB314B97FE200F5E0EC /* vsqFileEx.cpp in Sources */ = {isa = PBXBuildFile; fileRef = 9461BA8A14B97FE200F5E0EC /* vsqFileEx.cpp */; };
		9461BAB414B97FE200F5E0EC /* vsqHandle.cpp in Sources */ = {isa = PBXBuildFile; fileRef = 9461BA8C14B97FE200F5E0EC /* vsqHandle.cpp */; };
		9461BAB514B97FE200F5E0EC /* vsqTempo.cpp in Sources */ = {isa = PBXBuildFile; fileRef = 9461BA9014B97FE200F5E0EC /* vsqTempo.cpp */; };
		9461BAB614B97FE200F5E0EC /* waveFileEx.cpp in Sources */ = {isa = PBXBuildFile; fileRef = 9461BA9414B97FE200F5E0EC /* waveFileEx.cpp */; };
		9461BAB714B97FE200F5E0EC /* dio.cpp in Sources */ = {isa = PBXBuildFile; fileRef = 9461BA9714B97FE200F5E0EC /* dio.cpp */; };
		9461BAB814B97FE200F5E0EC /* matlabfunctions.cpp in Sources */ = {isa = PBXBuildFile; fileRef = 9461BA9814B97FE200F5E0EC /* matlabfunctions.cpp */; };
		9461BAB914B97FE200F5E0EC /* platinum.cpp in Sources */ = {isa = PBXBuildFile; fileRef = 9461BA9914B97FE200F5E0EC /* platinum.cpp */; };
		9461BABA14B97FE200F5E0EC /* platinum_v4.cpp in Sources */ = {isa = PBXBuildFile; fileRef = 9461BA9A14B97FE200F5E0EC /* platinum_v4.cpp */; };
		9461BABB14B97FE200F5E0EC /* star.cpp in Sources */ = {isa = PBXBuildFile; fileRef = 9461BA9B14B97FE200F5E0EC /* star.cpp */; };
		9461BABC14B97FE200F5E0EC /* synthesis.cpp in Sources */ = {isa = PBXBuildFile; fileRef = 9461BA9C14B97FE200F5E0EC /* synthesis.cpp */; };
		9461BABD14B97FE200F5E0EC /* synthesis_v4.cpp in Sources */ = {isa = PBXBuildFile; fileRef = 9461BA9D14B97FE200F5E0EC /* synthesis_v4.cpp */; };
		9461BABE14B97FE200F5E0EC /* worldParameters.cpp in Sources */ = {isa = PBXBuildFile; fileRef = 9461BA9F14B97FE200F5E0EC /* worldParameters.cpp */; };
		9479B90E14B988BA00A3CFD4 /* libogg.a in Frameworks */ = {isa = PBXBuildFile; fileRef = 9479B90D14B988BA00A3CFD4 /* libogg.a */; };
		9479B91214B988D600A3CFD4 /* libvorbis.a in Frameworks */ = {isa = PBXBuildFile; fileRef = 9479B90F14B988D600A3CFD4 /* libvorbis.a */; };
		9479B91314B988D600A3CFD4 /* libvorbisenc.a in Frameworks */ = {isa = PBXBuildFile; fileRef = 9479B91014B988D600A3CFD4 /* libvorbisenc.a */; };
		9479B91414B988D600A3CFD4 /* libvorbisfile.a in Frameworks */ = {isa = PBXBuildFile; fileRef = 9479B91114B988D600A3CFD4 /* libvorbisfile.a */; };
/* End PBXBuildFile section */

/* Begin PBXCopyFilesBuildPhase section */
		9461B9F014B97F9800F5E0EC /* Copy Files */ = {
			isa = PBXCopyFilesBuildPhase;
			buildActionMask = 2147483647;
			dstPath = /usr/share/man/man1/;
			dstSubfolderSpec = 0;
			files = (
			);
			name = "Copy Files";
			runOnlyForDeploymentPostprocessing = 1;
		};
/* End PBXCopyFilesBuildPhase section */

/* Begin PBXFileReference section */
		9461B9F214B97F9800F5E0EC /* vConnect-STAND */ = {isa = PBXFileReference; explicitFileType = "compiled.mach-o.executable"; includeInIndex = 0; path = "vConnect-STAND"; sourceTree = BUILT_PRODUCTS_DIR; };
		9461BA0514B97FE200F5E0EC /* corpusManager.cpp */ = {isa = PBXFileReference; fileEncoding = 4; lastKnownFileType = sourcecode.cpp.cpp; path = corpusManager.cpp; sourceTree = "<group>"; };
		9461BA0614B97FE200F5E0EC /* corpusManager.h */ = {isa = PBXFileReference; fileEncoding = 4; lastKnownFileType = sourcecode.c.h; path = corpusManager.h; sourceTree = "<group>"; };
		9461BA2B14B97FE200F5E0EC /* EncodingConverter.h */ = {isa = PBXFileReference; fileEncoding = 4; lastKnownFileType = sourcecode.c.h; path = EncodingConverter.h; sourceTree = "<group>"; };
		9461BA2C14B97FE200F5E0EC /* main.cpp */ = {isa = PBXFileReference; fileEncoding = 4; lastKnownFileType = sourcecode.cpp.cpp; path = main.cpp; sourceTree = "<group>"; };
		9461BA5114B97FE200F5E0EC /* runtimeOptions.h */ = {isa = PBXFileReference; fileEncoding = 4; lastKnownFileType = sourcecode.c.h; path = runtimeOptions.h; sourceTree = "<group>"; };
		9461BA5214B97FE200F5E0EC /* Socket.h */ = {isa = PBXFileReference; fileEncoding = 4; lastKnownFileType = sourcecode.c.h; path = Socket.h; sourceTree = "<group>"; };
		9461BA5314B97FE200F5E0EC /* stand.cpp */ = {isa = PBXFileReference; fileEncoding = 4; lastKnownFileType = sourcecode.cpp.cpp; path = stand.cpp; sourceTree = "<group>"; };
		9461BA5414B97FE200F5E0EC /* stand.h */ = {isa = PBXFileReference; fileEncoding = 4; lastKnownFileType = sourcecode.c.h; path = stand.h; sourceTree = "<group>"; };
		9461BA5614B97FE200F5E0EC /* StringUtil.h */ = {isa = PBXFileReference; fileEncoding = 4; lastKnownFileType = sourcecode.c.h; path = StringUtil.h; sourceTree = "<group>"; };
		9461BA7014B97FE200F5E0EC /* UtauDB.cpp */ = {isa = PBXFileReference; fileEncoding = 4; lastKnownFileType = sourcecode.cpp.cpp; path = UtauDB.cpp; sourceTree = "<group>"; };
		9461BA7114B97FE200F5E0EC /* UtauDB.h */ = {isa = PBXFileReference; fileEncoding = 4; lastKnownFileType = sourcecode.c.h; path = UtauDB.h; sourceTree = "<group>"; };
		9461BA7214B97FE200F5E0EC /* utauFreq.cpp */ = {isa = PBXFileReference; fileEncoding = 4; lastKnownFileType = sourcecode.cpp.cpp; path = utauFreq.cpp; sourceTree = "<group>"; };
		9461BA7314B97FE200F5E0EC /* utauFreq.h */ = {isa = PBXFileReference; fileEncoding = 4; lastKnownFileType = sourcecode.c.h; path = utauFreq.h; sourceTree = "<group>"; };
		9461BA7414B97FE200F5E0EC /* utauParameters.h */ = {isa = PBXFileReference; fileEncoding = 4; lastKnownFileType = sourcecode.c.h; path = utauParameters.h; sourceTree = "<group>"; };
		9461BA7514B97FE200F5E0EC /* vConnect.cpp */ = {isa = PBXFileReference; fileEncoding = 4; lastKnownFileType = sourcecode.cpp.cpp; path = vConnect.cpp; sourceTree = "<group>"; };
		9461BA7614B97FE200F5E0EC /* vConnect.h */ = {isa = PBXFileReference; fileEncoding = 4; lastKnownFileType = sourcecode.c.h; path = vConnect.h; sourceTree = "<group>"; };
		9461BA7714B97FE200F5E0EC /* vConnectConverter.h */ = {isa = PBXFileReference; fileEncoding = 4; lastKnownFileType = sourcecode.c.h; path = vConnectConverter.h; sourceTree = "<group>"; };
		9461BA7814B97FE200F5E0EC /* vConnectPhoneme.cpp */ = {isa = PBXFileReference; fileEncoding = 4; lastKnownFileType = sourcecode.cpp.cpp; path = vConnectPhoneme.cpp; sourceTree = "<group>"; };
		9461BA7914B97FE200F5E0EC /* vConnectPhoneme.h */ = {isa = PBXFileReference; fileEncoding = 4; lastKnownFileType = sourcecode.c.h; path = vConnectPhoneme.h; sourceTree = "<group>"; };
		9461BA7A14B97FE200F5E0EC /* vConnectSetting.cpp */ = {isa = PBXFileReference; fileEncoding = 4; lastKnownFileType = sourcecode.cpp.cpp; path = vConnectSetting.cpp; sourceTree = "<group>"; };
		9461BA7B14B97FE200F5E0EC /* vConnectSetting.h */ = {isa = PBXFileReference; fileEncoding = 4; lastKnownFileType = sourcecode.c.h; path = vConnectSetting.h; sourceTree = "<group>"; };
		9461BA7C14B97FE200F5E0EC /* vConnectTranscriber.cpp */ = {isa = PBXFileReference; fileEncoding = 4; lastKnownFileType = sourcecode.cpp.cpp; path = vConnectTranscriber.cpp; sourceTree = "<group>"; };
		9461BA7D14B97FE200F5E0EC /* vConnectTranscriber.h */ = {isa = PBXFileReference; fileEncoding = 4; lastKnownFileType = sourcecode.c.h; path = vConnectTranscriber.h; sourceTree = "<group>"; };
		9461BA7E14B97FE200F5E0EC /* vConnectUtility.cpp */ = {isa = PBXFileReference; fileEncoding = 4; lastKnownFileType = sourcecode.cpp.cpp; path = vConnectUtility.cpp; sourceTree = "<group>"; };
		9461BA7F14B97FE200F5E0EC /* vConnectUtility.h */ = {isa = PBXFileReference; fileEncoding = 4; lastKnownFileType = sourcecode.c.h; path = vConnectUtility.h; sourceTree = "<group>"; };
		9461BA8114B97FE200F5E0EC /* vsqBase.cpp */ = {isa = PBXFileReference; fileEncoding = 4; lastKnownFileType = sourcecode.cpp.cpp; path = vsqBase.cpp; sourceTree = "<group>"; };
		9461BA8214B97FE200F5E0EC /* vsqBase.h */ = {isa = PBXFileReference; fileEncoding = 4; lastKnownFileType = sourcecode.c.h; path = vsqBase.h; sourceTree = "<group>"; };
		9461BA8314B97FE200F5E0EC /* vsqBP.h */ = {isa = PBXFileReference; fileEncoding = 4; lastKnownFileType = sourcecode.c.h; path = vsqBP.h; sourceTree = "<group>"; };
		9461BA8414B97FE200F5E0EC /* vsqBPList.cpp */ = {isa = PBXFileReference; fileEncoding = 4; lastKnownFileType = sourcecode.cpp.cpp; path = vsqBPList.cpp; sourceTree = "<group>"; };
		9461BA8514B97FE200F5E0EC /* vsqBPList.h */ = {isa = PBXFileReference; fileEncoding = 4; lastKnownFileType = sourcecode.c.h; path = vsqBPList.h; sourceTree = "<group>"; };
		9461BA8614B97FE200F5E0EC /* vsqEventEx.cpp */ = {isa = PBXFileReference; fileEncoding = 4; lastKnownFileType = sourcecode.cpp.cpp; path = vsqEventEx.cpp; sourceTree = "<group>"; };
		9461BA8714B97FE200F5E0EC /* vsqEventEx.h */ = {isa = PBXFileReference; fileEncoding = 4; lastKnownFileType = sourcecode.c.h; path = vsqEventEx.h; sourceTree = "<group>"; };
		9461BA8814B97FE200F5E0EC /* vsqEventList.cpp */ = {isa = PBXFileReference; fileEncoding = 4; lastKnownFileType = sourcecode.cpp.cpp; path = vsqEventList.cpp; sourceTree = "<group>"; };
		9461BA8914B97FE200F5E0EC /* vsqEventList.h */ = {isa = PBXFileReference; fileEncoding = 4; lastKnownFileType = sourcecode.c.h; path = vsqEventList.h; sourceTree = "<group>"; };
		9461BA8A14B97FE200F5E0EC /* vsqFileEx.cpp */ = {isa = PBXFileReference; fileEncoding = 4; lastKnownFileType = sourcecode.cpp.cpp; path = vsqFileEx.cpp; sourceTree = "<group>"; };
		9461BA8B14B97FE200F5E0EC /* vsqFileEx.h */ = {isa = PBXFileReference; fileEncoding = 4; lastKnownFileType = sourcecode.c.h; path = vsqFileEx.h; sourceTree = "<group>"; };
		9461BA8C14B97FE200F5E0EC /* vsqHandle.cpp */ = {isa = PBXFileReference; fileEncoding = 4; lastKnownFileType = sourcecode.cpp.cpp; path = vsqHandle.cpp; sourceTree = "<group>"; };
		9461BA8D14B97FE200F5E0EC /* vsqHandle.h */ = {isa = PBXFileReference; fileEncoding = 4; lastKnownFileType = sourcecode.c.h; path = vsqHandle.h; sourceTree = "<group>"; };
		9461BA8E14B97FE200F5E0EC /* vsqLyric.h */ = {isa = PBXFileReference; fileEncoding = 4; lastKnownFileType = sourcecode.c.h; path = vsqLyric.h; sourceTree = "<group>"; };
		9461BA8F14B97FE200F5E0EC /* vsqPhonemeDB.h */ = {isa = PBXFileReference; fileEncoding = 4; lastKnownFileType = sourcecode.c.h; path = vsqPhonemeDB.h; sourceTree = "<group>"; };
		9461BA9014B97FE200F5E0EC /* vsqTempo.cpp */ = {isa = PBXFileReference; fileEncoding = 4; lastKnownFileType = sourcecode.cpp.cpp; path = vsqTempo.cpp; sourceTree = "<group>"; };
		9461BA9114B97FE200F5E0EC /* vsqTempo.h */ = {isa = PBXFileReference; fileEncoding = 4; lastKnownFileType = sourcecode.c.h; path = vsqTempo.h; sourceTree = "<group>"; };
		9461BA9214B97FE200F5E0EC /* vsqVibratoBP.h */ = {isa = PBXFileReference; fileEncoding = 4; lastKnownFileType = sourcecode.c.h; path = vsqVibratoBP.h; sourceTree = "<group>"; };
		9461BA9414B97FE200F5E0EC /* waveFileEx.cpp */ = {isa = PBXFileReference; fileEncoding = 4; lastKnownFileType = sourcecode.cpp.cpp; path = waveFileEx.cpp; sourceTree = "<group>"; };
		9461BA9514B97FE200F5E0EC /* waveFileEx.h */ = {isa = PBXFileReference; fileEncoding = 4; lastKnownFileType = sourcecode.c.h; path = waveFileEx.h; sourceTree = "<group>"; };
		9461BA9714B97FE200F5E0EC /* dio.cpp */ = {isa = PBXFileReference; fileEncoding = 4; lastKnownFileType = sourcecode.cpp.cpp; path = dio.cpp; sourceTree = "<group>"; };
		9461BA9814B97FE200F5E0EC /* matlabfunctions.cpp */ = {isa = PBXFileReference; fileEncoding = 4; lastKnownFileType = sourcecode.cpp.cpp; path = matlabfunctions.cpp; sourceTree = "<group>"; };
		9461BA9914B97FE200F5E0EC /* platinum.cpp */ = {isa = PBXFileReference; fileEncoding = 4; lastKnownFileType = sourcecode.cpp.cpp; path = platinum.cpp; sourceTree = "<group>"; };
		9461BA9A14B97FE200F5E0EC /* platinum_v4.cpp */ = {isa = PBXFileReference; fileEncoding = 4; lastKnownFileType = sourcecode.cpp.cpp; path = platinum_v4.cpp; sourceTree = "<group>"; };
		9461BA9B14B97FE200F5E0EC /* star.cpp */ = {isa = PBXFileReference; fileEncoding = 4; lastKnownFileType = sourcecode.cpp.cpp; path = star.cpp; sourceTree = "<group>"; };
		9461BA9C14B97FE200F5E0EC /* synthesis.cpp */ = {isa = PBXFileReference; fileEncoding = 4; lastKnownFileType = sourcecode.cpp.cpp; path = synthesis.cpp; sourceTree = "<group>"; };
		9461BA9D14B97FE200F5E0EC /* synthesis_v4.cpp */ = {isa = PBXFileReference; fileEncoding = 4; lastKnownFileType = sourcecode.cpp.cpp; path = synthesis_v4.cpp; sourceTree = "<group>"; };
		9461BA9E14B97FE200F5E0EC /* world.h */ = {isa = PBXFileReference; fileEncoding = 4; lastKnownFileType = sourcecode.c.h; path = world.h; sourceTree = "<group>"; };
		9461BA9F14B97FE200F5E0EC /* worldParameters.cpp */ = {isa = PBXFileReference; fileEncoding = 4; lastKnownFileType = sourcecode.cpp.cpp; path = worldParameters.cpp; sourceTree = "<group>"; };
		9461BAA014B97FE200F5E0EC /* worldParameters.h */ = {isa = PBXFileReference; fileEncoding = 4; lastKnownFileType = sourcecode.c.h; path = worldParameters.h; sourceTree = "<group>"; };
		9461BAD314B984DC00F5E0EC /* Ogg.framework */ = {isa = PBXFileReference; lastKnownFileType = wrapper.framework; name = Ogg.framework; path = Library/Frameworks/Ogg.framework; sourceTree = SDKROOT; };
		9461BAD914B9856200F5E0EC /* Vorbis.framework */ = {isa = PBXFileReference; lastKnownFileType = wrapper.framework; name = Vorbis.framework; path = ../../../../../../../../../Library/Frameworks/Vorbis.framework; sourceTree = "<group>"; };
		9479B90D14B988BA00A3CFD4 /* libogg.a */ = {isa = PBXFileReference; lastKnownFileType = archive.ar; name = libogg.a; path = /usr/local/lib/libogg.a; sourceTree = "<absolute>"; };
		9479B90F14B988D600A3CFD4 /* libvorbis.a */ = {isa = PBXFileReference; lastKnownFileType = archive.ar; name = libvorbis.a; path = /usr/local/lib/libvorbis.a; sourceTree = "<absolute>"; };
		9479B91014B988D600A3CFD4 /* libvorbisenc.a */ = {isa = PBXFileReference; lastKnownFileType = archive.ar; name = libvorbisenc.a; path = /usr/local/lib/libvorbisenc.a; sourceTree = "<absolute>"; };
		9479B91114B988D600A3CFD4 /* libvorbisfile.a */ = {isa = PBXFileReference; lastKnownFileType = archive.ar; name = libvorbisfile.a; path = /usr/local/lib/libvorbisfile.a; sourceTree = "<absolute>"; };
		9479B92114B9EC3A00A3CFD4 /* Path.h */ = {isa = PBXFileReference; fileEncoding = 4; lastKnownFileType = sourcecode.c.h; path = Path.h; sourceTree = "<group>"; };
		9479B92D14BA1A8100A3CFD4 /* TextInputStream.h */ = {isa = PBXFileReference; fileEncoding = 4; lastKnownFileType = sourcecode.c.h; path = TextInputStream.h; sourceTree = "<group>"; };
		9479B92E14BA1A8100A3CFD4 /* TextOutputStream.h */ = {isa = PBXFileReference; fileEncoding = 4; lastKnownFileType = sourcecode.c.h; path = TextOutputStream.h; sourceTree = "<group>"; };
		9479B94414BAF55D00A3CFD4 /* Configuration.h */ = {isa = PBXFileReference; fileEncoding = 4; lastKnownFileType = sourcecode.c.h; path = Configuration.h; sourceTree = "<group>"; };
/* End PBXFileReference section */

/* Begin PBXFrameworksBuildPhase section */
		9461B9EF14B97F9800F5E0EC /* Frameworks */ = {
			isa = PBXFrameworksBuildPhase;
			buildActionMask = 2147483647;
			files = (
				9479B90E14B988BA00A3CFD4 /* libogg.a in Frameworks */,
				9479B91214B988D600A3CFD4 /* libvorbis.a in Frameworks */,
				9479B91314B988D600A3CFD4 /* libvorbisenc.a in Frameworks */,
				9479B91414B988D600A3CFD4 /* libvorbisfile.a in Frameworks */,
			);
			runOnlyForDeploymentPostprocessing = 0;
		};
/* End PBXFrameworksBuildPhase section */

/* Begin PBXGroup section */
		9461B9E714B97F9800F5E0EC = {
			isa = PBXGroup;
			children = (
				9461BAD914B9856200F5E0EC /* Vorbis.framework */,
				9461BAD314B984DC00F5E0EC /* Ogg.framework */,
				9461BABF14B97FF200F5E0EC /* External Frameworks and Libraries */,
				9461BA0414B97FE200F5E0EC /* Source */,
				9461B9F314B97F9800F5E0EC /* Products */,
			);
			sourceTree = "<group>";
		};
		9461B9F314B97F9800F5E0EC /* Products */ = {
			isa = PBXGroup;
			children = (
				9461B9F214B97F9800F5E0EC /* vConnect-STAND */,
			);
			name = Products;
			sourceTree = "<group>";
		};
		9461BA0414B97FE200F5E0EC /* Source */ = {
			isa = PBXGroup;
			children = (
				9461BA0514B97FE200F5E0EC /* corpusManager.cpp */,
				9461BA0614B97FE200F5E0EC /* corpusManager.h */,
				9461BA2B14B97FE200F5E0EC /* EncodingConverter.h */,
				9461BA2C14B97FE200F5E0EC /* main.cpp */,
				9479B94414BAF55D00A3CFD4 /* Configuration.h */,
				9461BA5114B97FE200F5E0EC /* runtimeOptions.h */,
				9461BA5214B97FE200F5E0EC /* Socket.h */,
				9479B92D14BA1A8100A3CFD4 /* TextInputStream.h */,
				9479B92E14BA1A8100A3CFD4 /* TextOutputStream.h */,
				9479B92114B9EC3A00A3CFD4 /* Path.h */,
				9461BA5314B97FE200F5E0EC /* stand.cpp */,
				9461BA5414B97FE200F5E0EC /* stand.h */,
				9461BA5614B97FE200F5E0EC /* StringUtil.h */,
				9461BA6F14B97FE200F5E0EC /* utauVoiceDB */,
				9461BA7514B97FE200F5E0EC /* vConnect.cpp */,
				9461BA7614B97FE200F5E0EC /* vConnect.h */,
				9461BA7714B97FE200F5E0EC /* vConnectConverter.h */,
				9461BA7814B97FE200F5E0EC /* vConnectPhoneme.cpp */,
				9461BA7914B97FE200F5E0EC /* vConnectPhoneme.h */,
				9461BA7A14B97FE200F5E0EC /* vConnectSetting.cpp */,
				9461BA7B14B97FE200F5E0EC /* vConnectSetting.h */,
				9461BA7C14B97FE200F5E0EC /* vConnectTranscriber.cpp */,
				9461BA7D14B97FE200F5E0EC /* vConnectTranscriber.h */,
				9461BA7E14B97FE200F5E0EC /* vConnectUtility.cpp */,
				9461BA7F14B97FE200F5E0EC /* vConnectUtility.h */,
				9461BA8014B97FE200F5E0EC /* vsqMetaText */,
				9461BA9314B97FE200F5E0EC /* waveFileEx */,
				9461BA9614B97FE200F5E0EC /* world */,
				9461BA9F14B97FE200F5E0EC /* worldParameters.cpp */,
				9461BAA014B97FE200F5E0EC /* worldParameters.h */,
			);
			name = Source;
			path = ../stand;
			sourceTree = "<group>";
		};
		9461BA6F14B97FE200F5E0EC /* utauVoiceDB */ = {
			isa = PBXGroup;
			children = (
				9461BA7014B97FE200F5E0EC /* UtauDB.cpp */,
				9461BA7114B97FE200F5E0EC /* UtauDB.h */,
				9461BA7214B97FE200F5E0EC /* utauFreq.cpp */,
				9461BA7314B97FE200F5E0EC /* utauFreq.h */,
				9461BA7414B97FE200F5E0EC /* utauParameters.h */,
			);
			path = utauVoiceDB;
			sourceTree = "<group>";
		};
		9461BA8014B97FE200F5E0EC /* vsqMetaText */ = {
			isa = PBXGroup;
			children = (
				9461BA8114B97FE200F5E0EC /* vsqBase.cpp */,
				9461BA8214B97FE200F5E0EC /* vsqBase.h */,
				9461BA8314B97FE200F5E0EC /* vsqBP.h */,
				9461BA8414B97FE200F5E0EC /* vsqBPList.cpp */,
				9461BA8514B97FE200F5E0EC /* vsqBPList.h */,
				9461BA8614B97FE200F5E0EC /* vsqEventEx.cpp */,
				9461BA8714B97FE200F5E0EC /* vsqEventEx.h */,
				9461BA8814B97FE200F5E0EC /* vsqEventList.cpp */,
				9461BA8914B97FE200F5E0EC /* vsqEventList.h */,
				9461BA8A14B97FE200F5E0EC /* vsqFileEx.cpp */,
				9461BA8B14B97FE200F5E0EC /* vsqFileEx.h */,
				9461BA8C14B97FE200F5E0EC /* vsqHandle.cpp */,
				9461BA8D14B97FE200F5E0EC /* vsqHandle.h */,
				9461BA8E14B97FE200F5E0EC /* vsqLyric.h */,
				9461BA8F14B97FE200F5E0EC /* vsqPhonemeDB.h */,
				9461BA9014B97FE200F5E0EC /* vsqTempo.cpp */,
				9461BA9114B97FE200F5E0EC /* vsqTempo.h */,
				9461BA9214B97FE200F5E0EC /* vsqVibratoBP.h */,
			);
			path = vsqMetaText;
			sourceTree = "<group>";
		};
		9461BA9314B97FE200F5E0EC /* waveFileEx */ = {
			isa = PBXGroup;
			children = (
				9461BA9414B97FE200F5E0EC /* waveFileEx.cpp */,
				9461BA9514B97FE200F5E0EC /* waveFileEx.h */,
			);
			path = waveFileEx;
			sourceTree = "<group>";
		};
		9461BA9614B97FE200F5E0EC /* world */ = {
			isa = PBXGroup;
			children = (
				9461BA9714B97FE200F5E0EC /* dio.cpp */,
				9461BA9814B97FE200F5E0EC /* matlabfunctions.cpp */,
				9461BA9914B97FE200F5E0EC /* platinum.cpp */,
				9461BA9A14B97FE200F5E0EC /* platinum_v4.cpp */,
				9461BA9B14B97FE200F5E0EC /* star.cpp */,
				9461BA9C14B97FE200F5E0EC /* synthesis.cpp */,
				9461BA9D14B97FE200F5E0EC /* synthesis_v4.cpp */,
				9461BA9E14B97FE200F5E0EC /* world.h */,
			);
			path = world;
			sourceTree = "<group>";
		};
		9461BABF14B97FF200F5E0EC /* External Frameworks and Libraries */ = {
			isa = PBXGroup;
			children = (
				9479B90D14B988BA00A3CFD4 /* libogg.a */,
				9479B90F14B988D600A3CFD4 /* libvorbis.a */,
				9479B91014B988D600A3CFD4 /* libvorbisenc.a */,
				9479B91114B988D600A3CFD4 /* libvorbisfile.a */,
			);
			name = "External Frameworks and Libraries";
			sourceTree = "<group>";
		};
/* End PBXGroup section */

/* Begin PBXNativeTarget section */
		9461B9F114B97F9800F5E0EC /* vConnect-STAND */ = {
			isa = PBXNativeTarget;
			buildConfigurationList = 9461B9FC14B97F9800F5E0EC /* Build configuration list for PBXNativeTarget "vConnect-STAND" */;
			buildPhases = (
				9461B9EE14B97F9800F5E0EC /* Sources */,
				9461B9EF14B97F9800F5E0EC /* Frameworks */,
				9461B9F014B97F9800F5E0EC /* Copy Files */,
			);
			buildRules = (
			);
			dependencies = (
			);
			name = "vConnect-STAND";
			productName = "vConnect-STAND";
			productReference = 9461B9F214B97F9800F5E0EC /* vConnect-STAND */;
			productType = "com.apple.product-type.tool";
		};
/* End PBXNativeTarget section */

/* Begin PBXProject section */
		9461B9E914B97F9800F5E0EC /* Project object */ = {
			isa = PBXProject;
			attributes = {
				LastUpgradeCheck = 0420;
			};
			buildConfigurationList = 9461B9EC14B97F9800F5E0EC /* Build configuration list for PBXProject "vConnect-STAND" */;
			compatibilityVersion = "Xcode 3.2";
			developmentRegion = English;
			hasScannedForEncodings = 0;
			knownRegions = (
				en,
			);
			mainGroup = 9461B9E714B97F9800F5E0EC;
			productRefGroup = 9461B9F314B97F9800F5E0EC /* Products */;
			projectDirPath = "";
			projectRoot = "";
			targets = (
				9461B9F114B97F9800F5E0EC /* vConnect-STAND */,
			);
		};
/* End PBXProject section */

/* Begin PBXSourcesBuildPhase section */
		9461B9EE14B97F9800F5E0EC /* Sources */ = {
			isa = PBXSourcesBuildPhase;
			buildActionMask = 2147483647;
			files = (
				9461BAA114B97FE200F5E0EC /* corpusManager.cpp in Sources */,
				9461BAA214B97FE200F5E0EC /* main.cpp in Sources */,
				9461BAA414B97FE200F5E0EC /* stand.cpp in Sources */,
				9461BAA814B97FE200F5E0EC /* UtauDB.cpp in Sources */,
				9461BAA914B97FE200F5E0EC /* utauFreq.cpp in Sources */,
				9461BAAA14B97FE200F5E0EC /* vConnect.cpp in Sources */,
				9461BAAB14B97FE200F5E0EC /* vConnectPhoneme.cpp in Sources */,
				9461BAAC14B97FE200F5E0EC /* vConnectSetting.cpp in Sources */,
				9461BAAD14B97FE200F5E0EC /* vConnectTranscriber.cpp in Sources */,
				9461BAAE14B97FE200F5E0EC /* vConnectUtility.cpp in Sources */,
				9461BAAF14B97FE200F5E0EC /* vsqBase.cpp in Sources */,
				9461BAB014B97FE200F5E0EC /* vsqBPList.cpp in Sources */,
				9461BAB114B97FE200F5E0EC /* vsqEventEx.cpp in Sources */,
				9461BAB214B97FE200F5E0EC /* vsqEventList.cpp in Sources */,
				9461BAB314B97FE200F5E0EC /* vsqFileEx.cpp in Sources */,
				9461BAB414B97FE200F5E0EC /* vsqHandle.cpp in Sources */,
				9461BAB514B97FE200F5E0EC /* vsqTempo.cpp in Sources */,
				9461BAB614B97FE200F5E0EC /* waveFileEx.cpp in Sources */,
				9461BAB714B97FE200F5E0EC /* dio.cpp in Sources */,
				9461BAB814B97FE200F5E0EC /* matlabfunctions.cpp in Sources */,
				9461BAB914B97FE200F5E0EC /* platinum.cpp in Sources */,
				9461BABA14B97FE200F5E0EC /* platinum_v4.cpp in Sources */,
				9461BABB14B97FE200F5E0EC /* star.cpp in Sources */,
				9461BABC14B97FE200F5E0EC /* synthesis.cpp in Sources */,
				9461BABD14B97FE200F5E0EC /* synthesis_v4.cpp in Sources */,
				9461BABE14B97FE200F5E0EC /* worldParameters.cpp in Sources */,
			);
			runOnlyForDeploymentPostprocessing = 0;
		};
/* End PBXSourcesBuildPhase section */

/* Begin XCBuildConfiguration section */
		9461B9FA14B97F9800F5E0EC /* Debug */ = {
			isa = XCBuildConfiguration;
			buildSettings = {
				ALWAYS_SEARCH_USER_PATHS = NO;
				ARCHS = "$(ARCHS_STANDARD_32_64_BIT)";
				CLANG_ENABLE_OBJC_ARC = YES;
				COPY_PHASE_STRIP = NO;
				DEBUG_INFORMATION_FORMAT = "dwarf-with-dsym";
				GCC_C_LANGUAGE_STANDARD = gnu99;
				GCC_DYNAMIC_NO_PIC = NO;
				GCC_ENABLE_OBJC_EXCEPTIONS = YES;
				GCC_OPTIMIZATION_LEVEL = 0;
				GCC_PREPROCESSOR_DEFINITIONS = (
					"DEBUG=1",
					"$(inherited)",
				);
				GCC_SYMBOLS_PRIVATE_EXTERN = NO;
				GCC_VERSION = com.apple.compilers.llvm.clang.1_0;
				GCC_WARN_64_TO_32_BIT_CONVERSION = YES;
				GCC_WARN_ABOUT_MISSING_PROTOTYPES = YES;
				GCC_WARN_ABOUT_RETURN_TYPE = YES;
				GCC_WARN_UNUSED_VARIABLE = YES;
				MACH_O_TYPE = mh_execute;
				MACOSX_DEPLOYMENT_TARGET = 10.6;
				ONLY_ACTIVE_ARCH = YES;
				OTHER_LDFLAGS = (
					"-L/usr/local/lib",
					"-liconv",
					"-lpthread",
					"-lfftw3",
				);
				SDKROOT = macosx10.6;
			};
			name = Debug;
		};
		9461B9FB14B97F9800F5E0EC /* Release */ = {
			isa = XCBuildConfiguration;
			buildSettings = {
				ALWAYS_SEARCH_USER_PATHS = NO;
				ARCHS = "$(ARCHS_STANDARD_32_64_BIT)";
				CLANG_ENABLE_OBJC_ARC = YES;
				COPY_PHASE_STRIP = YES;
				DEBUG_INFORMATION_FORMAT = dwarf;
				GCC_C_LANGUAGE_STANDARD = gnu99;
				GCC_ENABLE_OBJC_EXCEPTIONS = YES;
				GCC_VERSION = com.apple.compilers.llvm.clang.1_0;
				GCC_WARN_64_TO_32_BIT_CONVERSION = YES;
				GCC_WARN_ABOUT_MISSING_PROTOTYPES = YES;
				GCC_WARN_ABOUT_RETURN_TYPE = YES;
				GCC_WARN_UNUSED_VARIABLE = YES;
				MACH_O_TYPE = mh_execute;
				MACOSX_DEPLOYMENT_TARGET = 10.6;
				OTHER_LDFLAGS = (
					"-L/usr/local/lib",
					"-liconv",
					"-lpthread",
					"-lfftw3",
				);
				SDKROOT = macosx10.6;
			};
			name = Release;
		};
		9461B9FD14B97F9800F5E0EC /* Debug */ = {
			isa = XCBuildConfiguration;
			buildSettings = {
				DEBUG_INFORMATION_FORMAT = "dwarf-with-dsym";
				FRAMEWORK_SEARCH_PATHS = (
					"$(inherited)",
					"\"$(SRCROOT)/../../../../../../../Library/Developer/Xcode/DerivedData/Ogg-fanomblczrubsafijxfgohzfywwu/Build/Products/Release\"",
					"\"$(SRCROOT)/../../../../../../../Library/Developer/Xcode/DerivedData/Vorbis-bykhgdgwomowfsdzkdcoethyozob/Build/Products/Debug\"",
				);
				LIBRARY_SEARCH_PATHS = (
					"$(inherited)",
					"\"$(SRCROOT)/../../../../../../../Library/Developer/Xcode/DerivedData/Ogg-fanomblczrubsafijxfgohzfywwu/Build/Products/Release\"",
					"\"$(SRCROOT)/../../../../../../../Library/Developer/Xcode/DerivedData/Vorbis-bykhgdgwomowfsdzkdcoethyozob/Build/Products/Debug\"",
					"\"$(SRCROOT)/../../../../../../../Library/Developer/Xcode/DerivedData/Vorbis-bykhgdgwomowfsdzkdcoethyozob/Build/Products/Release\"",
				);
				PRODUCT_NAME = "$(TARGET_NAME)";
			};
			name = Debug;
		};
		9461B9FE14B97F9800F5E0EC /* Release */ = {
			isa = XCBuildConfiguration;
			buildSettings = {
				FRAMEWORK_SEARCH_PATHS = (
					"$(inherited)",
					"\"$(SRCROOT)/../../../../../../../Library/Developer/Xcode/DerivedData/Ogg-fanomblczrubsafijxfgohzfywwu/Build/Products/Release\"",
					"\"$(SRCROOT)/../../../../../../../Library/Developer/Xcode/DerivedData/Vorbis-bykhgdgwomowfsdzkdcoethyozob/Build/Products/Debug\"",
				);
				LIBRARY_SEARCH_PATHS = (
					"$(inherited)",
					"\"$(SRCROOT)/../../../../../../../Library/Developer/Xcode/DerivedData/Ogg-fanomblczrubsafijxfgohzfywwu/Build/Products/Release\"",
					"\"$(SRCROOT)/../../../../../../../Library/Developer/Xcode/DerivedData/Vorbis-bykhgdgwomowfsdzkdcoethyozob/Build/Products/Debug\"",
					"\"$(SRCROOT)/../../../../../../../Library/Developer/Xcode/DerivedData/Vorbis-bykhgdgwomowfsdzkdcoethyozob/Build/Products/Release\"",
				);
				PRODUCT_NAME = "$(TARGET_NAME)";
			};
			name = Release;
		};
/* End XCBuildConfiguration section */

/* Begin XCConfigurationList section */
		9461B9EC14B97F9800F5E0EC /* Build configuration list for PBXProject "vConnect-STAND" */ = {
			isa = XCConfigurationList;
			buildConfigurations = (
				9461B9FA14B97F9800F5E0EC /* Debug */,
				9461B9FB14B97F9800F5E0EC /* Release */,
			);
			defaultConfigurationIsVisible = 0;
			defaultConfigurationName = Release;
		};
		9461B9FC14B97F9800F5E0EC /* Build configuration list for PBXNativeTarget "vConnect-STAND" */ = {
			isa = XCConfigurationList;
			buildConfigurations = (
				9461B9FD14B97F9800F5E0EC /* Debug */,
				9461B9FE14B97F9800F5E0EC /* Release */,
			);
			defaultConfigurationIsVisible = 0;
			defaultConfigurationName = Release;
		};
/* End XCConfigurationList section */
	};
	rootObject = 9461B9E914B97F9800F5E0EC /* Project object */;
}
